
Microsoft Visual Studio Solution File, Format Version 12.00
# Visual Studio 15
VisualStudioVersion = 15.0.27004.2002
MinimumVisualStudioVersion = 10.0.40219.1
Project("{FAE04EC0-301F-11D3-BF4B-00C04F79EFBC}") = "Lab2(1a)", "Lab2(1a)\Lab2(1a).csproj", "{4948CCB7-336C-4D4E-A683-8D358B149293}"
EndProject
Global
	GlobalSection(SolutionConfigurationPlatforms) = preSolution
		Debug|Any CPU = Debug|Any CPU
		Release|Any CPU = Release|Any CPU
	EndGlobalSection
	GlobalSection(ProjectConfigurationPlatforms) = postSolution
		{4948CCB7-336C-4D4E-A683-8D358B149293}.Debug|Any CPU.ActiveCfg = Debug|Any CPU
		{4948CCB7-336C-4D4E-A683-8D358B149293}.Debug|Any CPU.Build.0 = Debug|Any CPU
		{4948CCB7-336C-4D4E-A683-8D358B149293}.Release|Any CPU.ActiveCfg = Release|Any CPU
		{4948CCB7-336C-4D4E-A683-8D358B149293}.Release|Any CPU.Build.0 = Release|Any CPU
	EndGlobalSection
	GlobalSection(SolutionProperties) = preSolution
		HideSolutionNode = FALSE
	EndGlobalSection
	GlobalSection(ExtensibilityGlobals) = postSolution
		SolutionGuid = {2CEB753B-C733-4D90-B680-04BCFB4F601D}
	EndGlobalSection
EndGlobal
